
Microsoft Visual Studio Solution File, Format Version 12.00
# Visual Studio 15
VisualStudioVersion = 15.0.28307.572
MinimumVisualStudioVersion = 10.0.40219.1
Project("{FAE04EC0-301F-11D3-BF4B-00C04F79EFBC}") = "2002807_Maeda_Survey8.6", "2002807_Maeda_Survey8.6\2002807_Maeda_Survey8.6.csproj", "{05889E57-77BA-46FA-856F-4160148199F2}"
EndProject
Global
	GlobalSection(SolutionConfigurationPlatforms) = preSolution
		Debug|Any CPU = Debug|Any CPU
		Release|Any CPU = Release|Any CPU
	EndGlobalSection
	GlobalSection(ProjectConfigurationPlatforms) = postSolution
		{05889E57-77BA-46FA-856F-4160148199F2}.Debug|Any CPU.ActiveCfg = Debug|Any CPU
		{05889E57-77BA-46FA-856F-4160148199F2}.Debug|Any CPU.Build.0 = Debug|Any CPU
		{05889E57-77BA-46FA-856F-4160148199F2}.Release|Any CPU.ActiveCfg = Release|Any CPU
		{05889E57-77BA-46FA-856F-4160148199F2}.Release|Any CPU.Build.0 = Release|Any CPU
	EndGlobalSection
	GlobalSection(SolutionProperties) = preSolution
		HideSolutionNode = FALSE
	EndGlobalSection
	GlobalSection(ExtensibilityGlobals) = postSolution
		SolutionGuid = {6A78381B-DE71-41BB-B118-A03E7082BCC3}
	EndGlobalSection
EndGlobal
